# Generated by buf. DO NOT EDIT.
version: v2
deps:
  - name: buf.build/bufbuild/confluent
    commit: 65369e65bbcd4715989b6fbe53cb8a71
    digest: b5:4c002e10c90c1b84be15e7f1f95508ad07499225faf79305f9e03bd7b0dc174e5720b6f3762e30dee4d703cba4c7522c4242b58770c28c2d881c35e86dc114fb
  - name: buf.build/bufbuild/protovalidate
    commit: 63bb56e204954558946a641ef0d68910
    digest: b5:ec5661b2855484eca2043fe61d27eb22673ab926ccd0e849531752eb17b08402fae1382705cee7f7b42d4d9ec56aff72bba7ec6835902cf6f86323c9ac682d16
