# Generated by buf. DO NOT EDIT.
version: v2
deps:
  - name: buf.build/bufbuild/confluent
    commit: 65369e65bbcd4715989b6fbe53cb8a71
    digest: b5:4c002e10c90c1b84be15e7f1f95508ad07499225faf79305f9e03bd7b0dc174e5720b6f3762e30dee4d703cba4c7522c4242b58770c28c2d881c35e86dc114fb
  - name: buf.build/bufbuild/protovalidate
    commit: 6c6e0d3c608e4549802254a2eee81bc8
    digest: b5:a7ca081f38656fc0f5aaa685cc111d3342876723851b47ca6b80cbb810cbb2380f8c444115c495ada58fa1f85eff44e68dc54a445761c195acdb5e8d9af675b6
