# Generated by buf. DO NOT EDIT.
deps:
  - remote: bufbuild.internal
    owner: bufexample
    repository: paymentapis
    branch: main
    commit: 7373abe9248240d5a7409d3b2819a571
    digest: b1-YF9Key-tsH2L_qep-G6cJAVBI0CJKevcdDgZQpWLS68=
    create_time: 2021-06-01T20:54:27.801976Z
  - remote: bufbuild.internal
    owner: local
    repository: googleapis
    branch: main
    commit: 7e95c3eeb03047db96ccd58578c9adb8
    digest: b1-F0HIl2sM2p-QjimYPLsrolXAfUb0BMnN5ki6Rzyu1TI=
    create_time: 2021-06-01T20:48:54.10608Z
