# Generated by buf. DO NOT EDIT.
version: v2
deps:
  - name: buf.build/bufbuild/protovalidate
    commit: 0409229c37804d6187ee0806eb4eebce
    digest: b5:795db9d3a6e066dc61d99ac651fa7f136171869abe2211ca272dd84aada7bc4583b9508249fa5b61300a5b1fe8b6dbf6edbc088aa0345d1ccb9fff705e3d48e9
  - name: buf.build/xUSERNAMEx/common
    commit: d556b744e83347d9922ed5396534c8f3
    digest: b5:ef7a05bd56d547893a8a2bceaf77860e7051b282120c4f0ed59bc974acf2f57f246e71a691eff52eb069659d6710572baeed26e9e38bb2111318422775805685
