# Generated by buf. DO NOT EDIT.
version: v1
deps:
  - remote: buf.build
    owner: buf-examples
    repository: observabilityapi
    commit: fc3ef101ce3f4df99a4556b4a0feaab8
    digest: shake256:90c29b971aa59e4da7420c6e228d1e7e1a2fba4132fddd37b52a3e34501cfd7710932a92ec26d849141a9a826a24fab7c12cc622427ebb91bd5e51021e59c79b
  - remote: buf.build
    owner: buf-examples
    repository: observabilitytypes
    commit: 398d4d6aebc147ac9c838c9287a98b91
    digest: shake256:7e936e2b125829ab78e2128f730da5853adc7741971e2160bd0e526a62e5d7e4ecce367d48ef5f7b4bd6ea4684f06be322ecf5d8899704aa82cd8de1827118f8
